%{"cowboy": {:hex, :cowboy, "1.1.2", "61ac29ea970389a88eca5a65601460162d370a70018afe6f949a29dca91f3bb0", [:rebar3], [{:cowlib, "~> 1.0.2", [hex: :cowlib, optional: false]}, {:ranch, "~> 1.3.2", [hex: :ranch, optional: false]}]},
  "cowlib": {:hex, :cowlib, "1.0.2", "9d769a1d062c9c3ac753096f868ca121e2730b9a377de23dec0f7e08b1df84ee", [:make], []},
  "distillery": {:hex, :distillery, "1.1.2", "4cf32ecc70ca7eecca9e52e111edf320bd78011050825863cd8bc7ffee686c5d", [:mix], []},
  "elixir_ale": {:hex, :elixir_ale, "0.5.7", "f6b978dd30dc3ecf2b5feaef862d30873c6a6fdca41fc7f6bb743d6783b3fe4b", [:make, :mix], [{:elixir_make, "~> 0.4", [hex: :elixir_make, optional: false]}]},
  "elixir_make": {:hex, :elixir_make, "0.4.0", "992f38fabe705bb45821a728f20914c554b276838433349d4f2341f7a687cddf", [:mix], []},
  "exjsx": {:hex, :exjsx, "3.2.1", "1bc5bf1e4fd249104178f0885030bcd75a4526f4d2a1e976f4b428d347614f0f", [:mix], [{:jsx, "~> 2.8.0", [hex: :jsx, optional: false]}]},
  "jsx": {:hex, :jsx, "2.8.2", "7acc7d785b5abe8a6e9adbde926a24e481f29956dd8b4df49e3e4e7bcc92a018", [:mix, :rebar3], []},
  "nerves": {:git, "https://github.com/nerves-project/nerves.git", "51ff223c15dc17ad61614c6951ee02d67bda2f97", []},
  "nerves_firmware": {:git, "https://github.com/nerves-project/nerves_firmware.git", "b783df3867c82dc0abe6770079077a6f922c00a9", []},
  "nerves_firmware_http": {:git, "https://github.com/nerves-project/nerves_firmware_http.git", "d8206a58ba7184bd8419080fc51d13543af705ca", []},
  "nerves_interim_wifi": {:hex, :nerves_interim_wifi, "0.2.0", "d8fa51dfcdaf06c2d453de03ef22e7a3ca673412718b1c988b5742fb1629d8cc", [:make, :mix], [{:elixir_make, "~> 0.3", [hex: :elixir_make, optional: false]}, {:nerves_network_interface, "~> 0.4.0", [hex: :nerves_network_interface, optional: false]}, {:nerves_wpa_supplicant, "~> 0.3.0", [hex: :nerves_wpa_supplicant, optional: false]}]},
  "nerves_network_interface": {:hex, :nerves_network_interface, "0.4.0", "a8e7662cd56fb4fe9060c891d35c43bbbff692ee6fd2d5efd538717da0cd96b8", [:make, :mix], [{:elixir_make, "~> 0.3", [hex: :elixir_make, optional: false]}]},
  "nerves_system_br": {:hex, :nerves_system_br, "0.9.4", "5096a9dfec49d4663ccb94c4a4fe45885303fbf31108f7e9400369bdec94b5e7", [:mix], []},
  "nerves_toolchain_arm_unknown_linux_gnueabihf": {:hex, :nerves_toolchain_arm_unknown_linux_gnueabihf, "0.9.0", "5a1bca8c46776ad24c358ab58800ed470f91a3e294ac6eb8ffda0041954781e1", [:mix], [{:nerves, "~> 0.4.0", [hex: :nerves, optional: false]}, {:nerves_toolchain_ctng, "~> 0.8.0", [hex: :nerves_toolchain_ctng, optional: false]}]},
  "nerves_toolchain_ctng": {:hex, :nerves_toolchain_ctng, "0.8.0", "6dff7ed51e1711c5f4da3d559bc528a8265e3dd950dda95f4d6832aed9dbe320", [:mix], []},
  "nerves_wpa_supplicant": {:hex, :nerves_wpa_supplicant, "0.3.0", "dfda748df2662e1e9e95df6662c3a512d371ef23359b2c090b9c8c884b236a3d", [:make, :mix], [{:elixir_make, "~> 0.3", [hex: :elixir_make, optional: false]}]},
  "ranch": {:hex, :ranch, "1.3.2", "e4965a144dc9fbe70e5c077c65e73c57165416a901bd02ea899cfd95aa890986", [:rebar3], []}}
